// !$*UTF8*$!
{
	archiveVersion = 1;
	classes = {
	};
	objectVersion = 50;
	objects = {

/* Begin PBXBuildFile section */
		A65DFB592462BD180005CB0B /* EditarTarea.swift in Sources */ = {isa = PBXBuildFile; fileRef = A65DFB582462BD180005CB0B /* EditarTarea.swift */; };
		A67617912461EA7A00648F98 /* AppDelegate.swift in Sources */ = {isa = PBXBuildFile; fileRef = A67617902461EA7A00648F98 /* AppDelegate.swift */; };
		A67617932461EA7A00648F98 /* SceneDelegate.swift in Sources */ = {isa = PBXBuildFile; fileRef = A67617922461EA7A00648F98 /* SceneDelegate.swift */; };
		A67617962461EA7A00648F98 /* Tareas.xcdatamodeld in Sources */ = {isa = PBXBuildFile; fileRef = A67617942461EA7A00648F98 /* Tareas.xcdatamodeld */; };
		A67617982461EA7A00648F98 /* ContentView.swift in Sources */ = {isa = PBXBuildFile; fileRef = A67617972461EA7A00648F98 /* ContentView.swift */; };
		A676179A2461EA7A00648F98 /* Assets.xcassets in Resources */ = {isa = PBXBuildFile; fileRef = A67617992461EA7A00648F98 /* Assets.xcassets */; };
		A676179D2461EA7A00648F98 /* Preview Assets.xcassets in Resources */ = {isa = PBXBuildFile; fileRef = A676179C2461EA7A00648F98 /* Preview Assets.xcassets */; };
		A67617A02461EA7A00648F98 /* LaunchScreen.storyboard in Resources */ = {isa = PBXBuildFile; fileRef = A676179E2461EA7A00648F98 /* LaunchScreen.storyboard */; };
		A67617A82461EB0C00648F98 /* TareasBaseDatos.swift in Sources */ = {isa = PBXBuildFile; fileRef = A67617A72461EB0C00648F98 /* TareasBaseDatos.swift */; };
		A67617AA2461EE7900648F98 /* TareaDescripcion.swift in Sources */ = {isa = PBXBuildFile; fileRef = A67617A92461EE7900648F98 /* TareaDescripcion.swift */; };
		A67617AC2461EEA100648F98 /* CreacionTarea.swift in Sources */ = {isa = PBXBuildFile; fileRef = A67617AB2461EEA100648F98 /* CreacionTarea.swift */; };
/* End PBXBuildFile section */

/* Begin PBXFileReference section */
		A65DFB582462BD180005CB0B /* EditarTarea.swift */ = {isa = PBXFileReference; lastKnownFileType = sourcecode.swift; path = EditarTarea.swift; sourceTree = "<group>"; };
		A676178D2461EA7A00648F98 /* Tareas.app */ = {isa = PBXFileReference; explicitFileType = wrapper.application; includeInIndex = 0; path = Tareas.app; sourceTree = BUILT_PRODUCTS_DIR; };
		A67617902461EA7A00648F98 /* AppDelegate.swift */ = {isa = PBXFileReference; lastKnownFileType = sourcecode.swift; path = AppDelegate.swift; sourceTree = "<group>"; };
		A67617922461EA7A00648F98 /* SceneDelegate.swift */ = {isa = PBXFileReference; lastKnownFileType = sourcecode.swift; path = SceneDelegate.swift; sourceTree = "<group>"; };
		A67617952461EA7A00648F98 /* Tareas.xcdatamodel */ = {isa = PBXFileReference; lastKnownFileType = wrapper.xcdatamodel; path = Tareas.xcdatamodel; sourceTree = "<group>"; };
		A67617972461EA7A00648F98 /* ContentView.swift */ = {isa = PBXFileReference; lastKnownFileType = sourcecode.swift; path = ContentView.swift; sourceTree = "<group>"; };
		A67617992461EA7A00648F98 /* Assets.xcassets */ = {isa = PBXFileReference; lastKnownFileType = folder.assetcatalog; path = Assets.xcassets; sourceTree = "<group>"; };
		A676179C2461EA7A00648F98 /* Preview Assets.xcassets */ = {isa = PBXFileReference; lastKnownFileType = folder.assetcatalog; path = "Preview Assets.xcassets"; sourceTree = "<group>"; };
		A676179F2461EA7A00648F98 /* Base */ = {isa = PBXFileReference; lastKnownFileType = file.storyboard; name = Base; path = Base.lproj/LaunchScreen.storyboard; sourceTree = "<group>"; };
		A67617A12461EA7A00648F98 /* Info.plist */ = {isa = PBXFileReference; lastKnownFileType = text.plist.xml; path = Info.plist; sourceTree = "<group>"; };
		A67617A72461EB0C00648F98 /* TareasBaseDatos.swift */ = {isa = PBXFileReference; lastKnownFileType = sourcecode.swift; path = TareasBaseDatos.swift; sourceTree = "<group>"; };
		A67617A92461EE7900648F98 /* TareaDescripcion.swift */ = {isa = PBXFileReference; lastKnownFileType = sourcecode.swift; path = TareaDescripcion.swift; sourceTree = "<group>"; };
		A67617AB2461EEA100648F98 /* CreacionTarea.swift */ = {isa = PBXFileReference; lastKnownFileType = sourcecode.swift; path = CreacionTarea.swift; sourceTree = "<group>"; };
		A68373CD246C6C010067B8FC /* Tareas.entitlements */ = {isa = PBXFileReference; lastKnownFileType = text.plist.entitlements; path = Tareas.entitlements; sourceTree = "<group>"; };
/* End PBXFileReference section */

/* Begin PBXFrameworksBuildPhase section */
		A676178A2461EA7A00648F98 /* Frameworks */ = {
			isa = PBXFrameworksBuildPhase;
			buildActionMask = 2147483647;
			files = (
			);
			runOnlyForDeploymentPostprocessing = 0;
		};
/* End PBXFrameworksBuildPhase section */

/* Begin PBXGroup section */
		A67617842461EA7900648F98 = {
			isa = PBXGroup;
			children = (
				A676178F2461EA7A00648F98 /* Tareas */,
				A676178E2461EA7A00648F98 /* Products */,
			);
			sourceTree = "<group>";
		};
		A676178E2461EA7A00648F98 /* Products */ = {
			isa = PBXGroup;
			children = (
				A676178D2461EA7A00648F98 /* Tareas.app */,
			);
			name = Products;
			sourceTree = "<group>";
		};
		A676178F2461EA7A00648F98 /* Tareas */ = {
			isa = PBXGroup;
			children = (
				A68373CD246C6C010067B8FC /* Tareas.entitlements */,
				A67617902461EA7A00648F98 /* AppDelegate.swift */,
				A67617922461EA7A00648F98 /* SceneDelegate.swift */,
				A67617972461EA7A00648F98 /* ContentView.swift */,
				A67617A72461EB0C00648F98 /* TareasBaseDatos.swift */,
				A67617A92461EE7900648F98 /* TareaDescripcion.swift */,
				A67617AB2461EEA100648F98 /* CreacionTarea.swift */,
				A65DFB582462BD180005CB0B /* EditarTarea.swift */,
				A67617992461EA7A00648F98 /* Assets.xcassets */,
				A676179E2461EA7A00648F98 /* LaunchScreen.storyboard */,
				A67617A12461EA7A00648F98 /* Info.plist */,
				A67617942461EA7A00648F98 /* Tareas.xcdatamodeld */,
				A676179B2461EA7A00648F98 /* Preview Content */,
			);
			path = Tareas;
			sourceTree = "<group>";
		};
		A676179B2461EA7A00648F98 /* Preview Content */ = {
			isa = PBXGroup;
			children = (
				A676179C2461EA7A00648F98 /* Preview Assets.xcassets */,
			);
			path = "Preview Content";
			sourceTree = "<group>";
		};
/* End PBXGroup section */

/* Begin PBXNativeTarget section */
		A676178C2461EA7A00648F98 /* Tareas */ = {
			isa = PBXNativeTarget;
			buildConfigurationList = A67617A42461EA7A00648F98 /* Build configuration list for PBXNativeTarget "Tareas" */;
			buildPhases = (
				A67617892461EA7A00648F98 /* Sources */,
				A676178A2461EA7A00648F98 /* Frameworks */,
				A676178B2461EA7A00648F98 /* Resources */,
			);
			buildRules = (
			);
			dependencies = (
			);
			name = Tareas;
			productName = Tareas;
			productReference = A676178D2461EA7A00648F98 /* Tareas.app */;
			productType = "com.apple.product-type.application";
		};
/* End PBXNativeTarget section */

/* Begin PBXProject section */
		A67617852461EA7900648F98 /* Project object */ = {
			isa = PBXProject;
			attributes = {
				LastSwiftUpdateCheck = 1140;
				LastUpgradeCheck = 1200;
				ORGANIZATIONNAME = "Jose María Yagüe";
				TargetAttributes = {
					A676178C2461EA7A00648F98 = {
						CreatedOnToolsVersion = 11.4;
					};
				};
			};
			buildConfigurationList = A67617882461EA7900648F98 /* Build configuration list for PBXProject "Tareas" */;
			compatibilityVersion = "Xcode 9.3";
			developmentRegion = en;
			hasScannedForEncodings = 0;
			knownRegions = (
				en,
				Base,
			);
			mainGroup = A67617842461EA7900648F98;
			productRefGroup = A676178E2461EA7A00648F98 /* Products */;
			projectDirPath = "";
			projectRoot = "";
			targets = (
				A676178C2461EA7A00648F98 /* Tareas */,
			);
		};
/* End PBXProject section */

/* Begin PBXResourcesBuildPhase section */
		A676178B2461EA7A00648F98 /* Resources */ = {
			isa = PBXResourcesBuildPhase;
			buildActionMask = 2147483647;
			files = (
				A67617A02461EA7A00648F98 /* LaunchScreen.storyboard in Resources */,
				A676179D2461EA7A00648F98 /* Preview Assets.xcassets in Resources */,
				A676179A2461EA7A00648F98 /* Assets.xcassets in Resources */,
			);
			runOnlyForDeploymentPostprocessing = 0;
		};
/* End PBXResourcesBuildPhase section */

/* Begin PBXSourcesBuildPhase section */
		A67617892461EA7A00648F98 /* Sources */ = {
			isa = PBXSourcesBuildPhase;
			buildActionMask = 2147483647;
			files = (
				A67617912461EA7A00648F98 /* AppDelegate.swift in Sources */,
				A67617AA2461EE7900648F98 /* TareaDescripcion.swift in Sources */,
				A65DFB592462BD180005CB0B /* EditarTarea.swift in Sources */,
				A67617962461EA7A00648F98 /* Tareas.xcdatamodeld in Sources */,
				A67617A82461EB0C00648F98 /* TareasBaseDatos.swift in Sources */,
				A67617AC2461EEA100648F98 /* CreacionTarea.swift in Sources */,
				A67617982461EA7A00648F98 /* ContentView.swift in Sources */,
				A67617932461EA7A00648F98 /* SceneDelegate.swift in Sources */,
			);
			runOnlyForDeploymentPostprocessing = 0;
		};
/* End PBXSourcesBuildPhase section */

/* Begin PBXVariantGroup section */
		A676179E2461EA7A00648F98 /* LaunchScreen.storyboard */ = {
			isa = PBXVariantGroup;
			children = (
				A676179F2461EA7A00648F98 /* Base */,
			);
			name = LaunchScreen.storyboard;
			sourceTree = "<group>";
		};
/* End PBXVariantGroup section */

/* Begin XCBuildConfiguration section */
		A67617A22461EA7A00648F98 /* Debug */ = {
			isa = XCBuildConfiguration;
			buildSettings = {
				ALWAYS_SEARCH_USER_PATHS = NO;
				CLANG_ANALYZER_NONNULL = YES;
				CLANG_ANALYZER_NUMBER_OBJECT_CONVERSION = YES_AGGRESSIVE;
				CLANG_CXX_LANGUAGE_STANDARD = "gnu++14";
				CLANG_CXX_LIBRARY = "libc++";
				CLANG_ENABLE_MODULES = YES;
				CLANG_ENABLE_OBJC_ARC = YES;
				CLANG_ENABLE_OBJC_WEAK = YES;
				CLANG_WARN_BLOCK_CAPTURE_AUTORELEASING = YES;
				CLANG_WARN_BOOL_CONVERSION = YES;
				CLANG_WARN_COMMA = YES;
				CLANG_WARN_CONSTANT_CONVERSION = YES;
				CLANG_WARN_DEPRECATED_OBJC_IMPLEMENTATIONS = YES;
				CLANG_WARN_DIRECT_OBJC_ISA_USAGE = YES_ERROR;
				CLANG_WARN_DOCUMENTATION_COMMENTS = YES;
				CLANG_WARN_EMPTY_BODY = YES;
				CLANG_WARN_ENUM_CONVERSION = YES;
				CLANG_WARN_INFINITE_RECURSION = YES;
				CLANG_WARN_INT_CONVERSION = YES;
				CLANG_WARN_NON_LITERAL_NULL_CONVERSION = YES;
				CLANG_WARN_OBJC_IMPLICIT_RETAIN_SELF = YES;
				CLANG_WARN_OBJC_LITERAL_CONVERSION = YES;
				CLANG_WARN_OBJC_ROOT_CLASS = YES_ERROR;
				CLANG_WARN_QUOTED_INCLUDE_IN_FRAMEWORK_HEADER = YES;
				CLANG_WARN_RANGE_LOOP_ANALYSIS = YES;
				CLANG_WARN_STRICT_PROTOTYPES = YES;
				CLANG_WARN_SUSPICIOUS_MOVE = YES;
				CLANG_WARN_UNGUARDED_AVAILABILITY = YES_AGGRESSIVE;
				CLANG_WARN_UNREACHABLE_CODE = YES;
				CLANG_WARN__DUPLICATE_METHOD_MATCH = YES;
				COPY_PHASE_STRIP = NO;
				DEBUG_INFORMATION_FORMAT = dwarf;
				ENABLE_STRICT_OBJC_MSGSEND = YES;
				ENABLE_TESTABILITY = YES;
				GCC_C_LANGUAGE_STANDARD = gnu11;
				GCC_DYNAMIC_NO_PIC = NO;
				GCC_NO_COMMON_BLOCKS = YES;
				GCC_OPTIMIZATION_LEVEL = 0;
				GCC_PREPROCESSOR_DEFINITIONS = (
					"DEBUG=1",
					"$(inherited)",
				);
				GCC_WARN_64_TO_32_BIT_CONVERSION = YES;
				GCC_WARN_ABOUT_RETURN_TYPE = YES_ERROR;
				GCC_WARN_UNDECLARED_SELECTOR = YES;
				GCC_WARN_UNINITIALIZED_AUTOS = YES_AGGRESSIVE;
				GCC_WARN_UNUSED_FUNCTION = YES;
				GCC_WARN_UNUSED_VARIABLE = YES;
				IPHONEOS_DEPLOYMENT_TARGET = 13.4;
				MTL_ENABLE_DEBUG_INFO = INCLUDE_SOURCE;
				MTL_FAST_MATH = YES;
				ONLY_ACTIVE_ARCH = YES;
				SDKROOT = iphoneos;
				SWIFT_ACTIVE_COMPILATION_CONDITIONS = DEBUG;
				SWIFT_OPTIMIZATION_LEVEL = "-Onone";
			};
			name = Debug;
		};
		A67617A32461EA7A00648F98 /* Release */ = {
			isa = XCBuildConfiguration;
			buildSettings = {
				ALWAYS_SEARCH_USER_PATHS = NO;
				CLANG_ANALYZER_NONNULL = YES;
				CLANG_ANALYZER_NUMBER_OBJECT_CONVERSION = YES_AGGRESSIVE;
				CLANG_CXX_LANGUAGE_STANDARD = "gnu++14";
				CLANG_CXX_LIBRARY = "libc++";
				CLANG_ENABLE_MODULES = YES;
				CLANG_ENABLE_OBJC_ARC = YES;
				CLANG_ENABLE_OBJC_WEAK = YES;
				CLANG_WARN_BLOCK_CAPTURE_AUTORELEASING = YES;
				CLANG_WARN_BOOL_CONVERSION = YES;
				CLANG_WARN_COMMA = YES;
				CLANG_WARN_CONSTANT_CONVERSION = YES;
				CLANG_WARN_DEPRECATED_OBJC_IMPLEMENTATIONS = YES;
				CLANG_WARN_DIRECT_OBJC_ISA_USAGE = YES_ERROR;
				CLANG_WARN_DOCUMENTATION_COMMENTS = YES;
				CLANG_WARN_EMPTY_BODY = YES;
				CLANG_WARN_ENUM_CONVERSION = YES;
				CLANG_WARN_INFINITE_RECURSION = YES;
				CLANG_WARN_INT_CONVERSION = YES;
				CLANG_WARN_NON_LITERAL_NULL_CONVERSION = YES;
				CLANG_WARN_OBJC_IMPLICIT_RETAIN_SELF = YES;
				CLANG_WARN_OBJC_LITERAL_CONVERSION = YES;
				CLANG_WARN_OBJC_ROOT_CLASS = YES_ERROR;
				CLANG_WARN_QUOTED_INCLUDE_IN_FRAMEWORK_HEADER = YES;
				CLANG_WARN_RANGE_LOOP_ANALYSIS = YES;
				CLANG_WARN_STRICT_PROTOTYPES = YES;
				CLANG_WARN_SUSPICIOUS_MOVE = YES;
				CLANG_WARN_UNGUARDED_AVAILABILITY = YES_AGGRESSIVE;
				CLANG_WARN_UNREACHABLE_CODE = YES;
				CLANG_WARN__DUPLICATE_METHOD_MATCH = YES;
				COPY_PHASE_STRIP = NO;
				DEBUG_INFORMATION_FORMAT = "dwarf-with-dsym";
				ENABLE_NS_ASSERTIONS = NO;
				ENABLE_STRICT_OBJC_MSGSEND = YES;
				GCC_C_LANGUAGE_STANDARD = gnu11;
				GCC_NO_COMMON_BLOCKS = YES;
				GCC_WARN_64_TO_32_BIT_CONVERSION = YES;
				GCC_WARN_ABOUT_RETURN_TYPE = YES_ERROR;
				GCC_WARN_UNDECLARED_SELECTOR = YES;
				GCC_WARN_UNINITIALIZED_AUTOS = YES_AGGRESSIVE;
				GCC_WARN_UNUSED_FUNCTION = YES;
				GCC_WARN_UNUSED_VARIABLE = YES;
				IPHONEOS_DEPLOYMENT_TARGET = 13.4;
				MTL_ENABLE_DEBUG_INFO = NO;
				MTL_FAST_MATH = YES;
				SDKROOT = iphoneos;
				SWIFT_COMPILATION_MODE = wholemodule;
				SWIFT_OPTIMIZATION_LEVEL = "-O";
				VALIDATE_PRODUCT = YES;
			};
			name = Release;
		};
		A67617A52461EA7A00648F98 /* Debug */ = {
			isa = XCBuildConfiguration;
			buildSettings = {
				ASSETCATALOG_COMPILER_APPICON_NAME = AppIcon;
				CODE_SIGN_ENTITLEMENTS = Tareas/Tareas.entitlements;
				CODE_SIGN_STYLE = Automatic;
				DEVELOPMENT_ASSET_PATHS = "\"Tareas/Preview Content\"";
				DEVELOPMENT_TEAM = 9JYBKRK4UD;
				ENABLE_PREVIEWS = YES;
				INFOPLIST_FILE = Tareas/Info.plist;
				LD_RUNPATH_SEARCH_PATHS = (
					"$(inherited)",
					"@executable_path/Frameworks",
				);
				PRODUCT_BUNDLE_IDENTIFIER = com.joseyague.Tareas;
				PRODUCT_NAME = "$(TARGET_NAME)";
				SUPPORTS_MACCATALYST = YES;
				SWIFT_VERSION = 5.0;
				TARGETED_DEVICE_FAMILY = "1,2";
			};
			name = Debug;
		};
		A67617A62461EA7A00648F98 /* Release */ = {
			isa = XCBuildConfiguration;
			buildSettings = {
				ASSETCATALOG_COMPILER_APPICON_NAME = AppIcon;
				CODE_SIGN_ENTITLEMENTS = Tareas/Tareas.entitlements;
				CODE_SIGN_STYLE = Automatic;
				DEVELOPMENT_ASSET_PATHS = "\"Tareas/Preview Content\"";
				DEVELOPMENT_TEAM = 9JYBKRK4UD;
				ENABLE_PREVIEWS = YES;
				INFOPLIST_FILE = Tareas/Info.plist;
				LD_RUNPATH_SEARCH_PATHS = (
					"$(inherited)",
					"@executable_path/Frameworks",
				);
				PRODUCT_BUNDLE_IDENTIFIER = com.joseyague.Tareas;
				PRODUCT_NAME = "$(TARGET_NAME)";
				SUPPORTS_MACCATALYST = YES;
				SWIFT_VERSION = 5.0;
				TARGETED_DEVICE_FAMILY = "1,2";
			};
			name = Release;
		};
/* End XCBuildConfiguration section */

/* Begin XCConfigurationList section */
		A67617882461EA7900648F98 /* Build configuration list for PBXProject "Tareas" */ = {
			isa = XCConfigurationList;
			buildConfigurations = (
				A67617A22461EA7A00648F98 /* Debug */,
				A67617A32461EA7A00648F98 /* Release */,
			);
			defaultConfigurationIsVisible = 0;
			defaultConfigurationName = Release;
		};
		A67617A42461EA7A00648F98 /* Build configuration list for PBXNativeTarget "Tareas" */ = {
			isa = XCConfigurationList;
			buildConfigurations = (
				A67617A52461EA7A00648F98 /* Debug */,
				A67617A62461EA7A00648F98 /* Release */,
			);
			defaultConfigurationIsVisible = 0;
			defaultConfigurationName = Release;
		};
/* End XCConfigurationList section */

/* Begin XCVersionGroup section */
		A67617942461EA7A00648F98 /* Tareas.xcdatamodeld */ = {
			isa = XCVersionGroup;
			children = (
				A67617952461EA7A00648F98 /* Tareas.xcdatamodel */,
			);
			currentVersion = A67617952461EA7A00648F98 /* Tareas.xcdatamodel */;
			path = Tareas.xcdatamodeld;
			sourceTree = "<group>";
			versionGroupType = wrapper.xcdatamodel;
		};
/* End XCVersionGroup section */
	};
	rootObject = A67617852461EA7900648F98 /* Project object */;
}
